
Microsoft Visual Studio Solution File, Format Version 12.00
# Visual Studio Version 17
VisualStudioVersion = 17.12.35527.113
MinimumVisualStudioVersion = 10.0.40219.1
Project("{FAE04EC0-301F-11D3-BF4B-00C04F79EFBC}") = "AdvancedTopicsCourse", "AdvancedTopicsCourse\AdvancedTopicsCourse.csproj", "{0143E35B-C556-46E6-82FB-F81C493625E6}"
EndProject
Project("{FAE04EC0-301F-11D3-BF4B-00C04F79EFBC}") = "Generics", "Generics\Generics.csproj", "{2478F75F-B306-46C2-A8B1-F5BEF7703190}"
EndProject
Project("{FAE04EC0-301F-11D3-BF4B-00C04F79EFBC}") = "Delegates", "Delegates\Delegates.csproj", "{502BD810-652A-481A-AB3C-DC01A1572989}"
EndProject
Project("{FAE04EC0-301F-11D3-BF4B-00C04F79EFBC}") = "LambdaExpression", "LambdaExpression\LambdaExpression.csproj", "{C7EDABC4-CEC1-4D6B-8423-DD7847057C2E}"
EndProject
Project("{FAE04EC0-301F-11D3-BF4B-00C04F79EFBC}") = "EventsAndDelegates", "EventsAndDelegates\EventsAndDelegates.csproj", "{3BA06365-60D1-4A9D-9BCB-0E325E354C40}"
EndProject
Project("{FAE04EC0-301F-11D3-BF4B-00C04F79EFBC}") = "ExthensionMethods", "ExthensionMethods\ExthensionMethods.csproj", "{A9C595C1-62A2-4889-ADBA-812D58303ED8}"
EndProject
Global
	GlobalSection(SolutionConfigurationPlatforms) = preSolution
		Debug|Any CPU = Debug|Any CPU
		Release|Any CPU = Release|Any CPU
	EndGlobalSection
	GlobalSection(ProjectConfigurationPlatforms) = postSolution
		{0143E35B-C556-46E6-82FB-F81C493625E6}.Debug|Any CPU.ActiveCfg = Debug|Any CPU
		{0143E35B-C556-46E6-82FB-F81C493625E6}.Debug|Any CPU.Build.0 = Debug|Any CPU
		{0143E35B-C556-46E6-82FB-F81C493625E6}.Release|Any CPU.ActiveCfg = Release|Any CPU
		{0143E35B-C556-46E6-82FB-F81C493625E6}.Release|Any CPU.Build.0 = Release|Any CPU
		{2478F75F-B306-46C2-A8B1-F5BEF7703190}.Debug|Any CPU.ActiveCfg = Debug|Any CPU
		{2478F75F-B306-46C2-A8B1-F5BEF7703190}.Debug|Any CPU.Build.0 = Debug|Any CPU
		{2478F75F-B306-46C2-A8B1-F5BEF7703190}.Release|Any CPU.ActiveCfg = Release|Any CPU
		{2478F75F-B306-46C2-A8B1-F5BEF7703190}.Release|Any CPU.Build.0 = Release|Any CPU
		{502BD810-652A-481A-AB3C-DC01A1572989}.Debug|Any CPU.ActiveCfg = Debug|Any CPU
		{502BD810-652A-481A-AB3C-DC01A1572989}.Debug|Any CPU.Build.0 = Debug|Any CPU
		{502BD810-652A-481A-AB3C-DC01A1572989}.Release|Any CPU.ActiveCfg = Release|Any CPU
		{502BD810-652A-481A-AB3C-DC01A1572989}.Release|Any CPU.Build.0 = Release|Any CPU
		{C7EDABC4-CEC1-4D6B-8423-DD7847057C2E}.Debug|Any CPU.ActiveCfg = Debug|Any CPU
		{C7EDABC4-CEC1-4D6B-8423-DD7847057C2E}.Debug|Any CPU.Build.0 = Debug|Any CPU
		{C7EDABC4-CEC1-4D6B-8423-DD7847057C2E}.Release|Any CPU.ActiveCfg = Release|Any CPU
		{C7EDABC4-CEC1-4D6B-8423-DD7847057C2E}.Release|Any CPU.Build.0 = Release|Any CPU
		{3BA06365-60D1-4A9D-9BCB-0E325E354C40}.Debug|Any CPU.ActiveCfg = Debug|Any CPU
		{3BA06365-60D1-4A9D-9BCB-0E325E354C40}.Debug|Any CPU.Build.0 = Debug|Any CPU
		{3BA06365-60D1-4A9D-9BCB-0E325E354C40}.Release|Any CPU.ActiveCfg = Release|Any CPU
		{3BA06365-60D1-4A9D-9BCB-0E325E354C40}.Release|Any CPU.Build.0 = Release|Any CPU
		{A9C595C1-62A2-4889-ADBA-812D58303ED8}.Debug|Any CPU.ActiveCfg = Debug|Any CPU
		{A9C595C1-62A2-4889-ADBA-812D58303ED8}.Debug|Any CPU.Build.0 = Debug|Any CPU
		{A9C595C1-62A2-4889-ADBA-812D58303ED8}.Release|Any CPU.ActiveCfg = Release|Any CPU
		{A9C595C1-62A2-4889-ADBA-812D58303ED8}.Release|Any CPU.Build.0 = Release|Any CPU
	EndGlobalSection
	GlobalSection(SolutionProperties) = preSolution
		HideSolutionNode = FALSE
	EndGlobalSection
EndGlobal
